
Microsoft Visual Studio Solution File, Format Version 11.00
# Visual Studio 2010
Project("{00000000-0000-0000-0000-000000000000}") = "CITMessages", "CITMessages.csproj", "{57FFB9C1-B54D-4EF8-96EA-963491A91CDB}"
EndProject
Global
	GlobalSection(SolutionConfigurationPlatforms) = preSolution
		Debug|Any CPU = Debug|Any CPU
		Release|Any CPU = Release|Any CPU
	EndGlobalSection
	GlobalSection(ProjectConfigurationPlatforms) = postSolution
		{57FFB9C1-B54D-4EF8-96EA-963491A91CDB}.Debug|Any CPU.ActiveCfg = Debug|Any CPU
		{57FFB9C1-B54D-4EF8-96EA-963491A91CDB}.Debug|Any CPU.Build.0 = Debug|Any CPU
		{57FFB9C1-B54D-4EF8-96EA-963491A91CDB}.Release|Any CPU.ActiveCfg = Release|Any CPU
		{57FFB9C1-B54D-4EF8-96EA-963491A91CDB}.Release|Any CPU.Build.0 = Release|Any CPU
	EndGlobalSection
	GlobalSection(SolutionProperties) = preSolution
		HideSolutionNode = FALSE
	EndGlobalSection
EndGlobal
